{
  "nodes": {
    "dracon-sync-src": {
      "flake": false,
      "locked": {
        "lastModified": 1786776713,
        "narHash": "sha256-P/+a4O3U6WebgFDzI7CoShcGNFRA5oZEE0mcJX4w7zI=",
        "owner": "DraconDev",
        "repo": "dracon-sync-background-auto-commit-multi-remote",
        "rev": "1c76635d929eb9b6685ebcb010c6084e58832b7d",
        "type": "github"
      },
      "original": {
        "owner": "DraconDev",
        "ref": "main",
        "repo": "dracon-sync-background-auto-commit-multi-remote",
        "type": "github"
      }
    },
    "dracon-system-src": {
      "flake": false,
      "locked": {
        "lastModified": 1786749776,
        "narHash": "sha256-zu56H8SQd296eHsQ6mWO6htI7s3pjuwtZPszt7GXydw=",
        "owner": "DraconDev",
        "repo": "dracon-system-disk-process-guard-doctor",
        "rev": "a5c821ca48b4d7d0994e90f29d72f77bb56b1d8e",
        "type": "github"
      },
      "original": {
        "owner": "DraconDev",
        "ref": "main",
        "repo": "dracon-system-disk-process-guard-doctor",
        "type": "github"
      }
    },
    "dracon-warden-src": {
      "flake": false,
      "locked": {
        "lastModified": 1786776962,
        "narHash": "sha256-eTef7JrDZsXmewPiJrOT2TXGoHDMx8M8Iy0kMx9f7NI=",
        "owner": "DraconDev",
        "repo": "dracon-warden-secret-encrypt-age-git-filter",
        "rev": "ea86daa038d787b05fa12d6c4a9bbd336df2572b",
        "type": "github"
      },
      "original": {
        "owner": "DraconDev",
        "ref": "main",
        "repo": "dracon-warden-secret-encrypt-age-git-filter",
        "type": "github"
      }
    },
    "flake-utils": {
      "inputs": {
        "systems": "systems"
      },
      "locked": {
        "lastModified": 1731533236,
        "narHash": "sha256-l0KFg5HjrsfsO/JpG+r7fRrqm12kzFHyUHqHCVpMMbI=",
        "owner": "numtide",
        "repo": "flake-utils",
        "rev": "11707dc2f618dd54ca8739b309ec4fc024de578b",
        "type": "github"
      },
      "original": {
        "owner": "numtide",
        "repo": "flake-utils",
        "type": "github"
      }
    },
    "nixpkgs": {
      "locked": {
        "lastModified": 1778443072,
        "narHash": "sha256-zi7/fsqM/kFdNuED//4WOCUtezGtKKqRNORjMvfwjnA=",
        "owner": "NixOS",
        "repo": "nixpkgs",
        "rev": "da5ad661ba4e5ef59ba743f0d112cbc30e474f32",
        "type": "github"
      },
      "original": {
        "owner": "NixOS",
        "ref": "nixos-unstable",
        "repo": "nixpkgs",
        "type": "github"
      }
    },
    "root": {
      "inputs": {
        "dracon-sync-src": "dracon-sync-src",
        "dracon-system-src": "dracon-system-src",
        "dracon-warden-src": "dracon-warden-src",
        "flake-utils": "flake-utils",
        "nixpkgs": "nixpkgs"
      }
    },
    "systems": {
      "locked": {
        "lastModified": 1681028828,
        "narHash": "sha256-Vy1rq5AaRuLzOxct8nz4T6wlgyUR7zLU309k9mBC768=",
        "owner": "nix-systems",
        "repo": "default",
        "rev": "da67096a3b9bf56a91d16901293e51ba5b49a27e",
        "type": "github"
      },
      "original": {
        "owner": "nix-systems",
        "repo": "default",
        "type": "github"
      }
    }
  },
  "root": "root",
  "version": 7
}
