{
  "nodes": {
    "dracon-sync-src": {
      "flake": false,
      "locked": {
        "lastModified": 1790948711,
        "owner": "DraconDev",
        "repo": "dracon-sync-background-auto-commit-multi-remote",
        "rev": "5441b0f595113a4a3ea3fd040e16f80b07ad66e9",
        "type": "github",
        "narHash": "sha256-VsqDA06aabWPvscalRDmNDR9cjSFNRz81ZuAkpBFY78="
      },
      "original": {
        "owner": "DraconDev",
        "ref": "main",
        "repo": "dracon-sync-background-auto-commit-multi-remote",
        "type": "github"
      }
    },
    "dracon-system-src": {
      "flake": false,
      "locked": {
        "lastModified": 1790948710,
        "owner": "DraconDev",
        "repo": "dracon-system-disk-process-guard-doctor",
        "rev": "e3f148db014b960ec753631d42d24a94a099b621",
        "type": "github",
        "narHash": "sha256-GQdiB9o04qMLMlnGubKrLQewXfoJrSLP3OA0ZhxmF/Q="
      },
      "original": {
        "owner": "DraconDev",
        "ref": "main",
        "repo": "dracon-system-disk-process-guard-doctor",
        "type": "github"
      }
    },
    "dracon-warden-src": {
      "flake": false,
      "locked": {
        "lastModified": 1790948712,
        "owner": "DraconDev",
        "repo": "dracon-warden-secret-encrypt-age-git-filter",
        "rev": "dd4159a6276eebd6ffab827529e89dda322c4412",
        "type": "github",
        "narHash": "sha256-tr51MckrdGO7l25yEQxTgg9wLr5B0naV1bhjIzPgdTs="
      },
      "original": {
        "owner": "DraconDev",
        "ref": "main",
        "repo": "dracon-warden-secret-encrypt-age-git-filter",
        "type": "github"
      }
    },
    "flake-utils": {
      "inputs": {
        "systems": "systems"
      },
      "locked": {
        "lastModified": 1731533236,
        "narHash": "sha256-l0KFg5HjrsfsO/JpG+r7fRrqm12kzFHyUHqHCVpMMbI=",
        "owner": "numtide",
        "repo": "flake-utils",
        "rev": "11707dc2f618dd54ca8739b309ec4fc024de578b",
        "type": "github"
      },
      "original": {
        "owner": "numtide",
        "repo": "flake-utils",
        "type": "github"
      }
    },
    "nixpkgs": {
      "locked": {
        "lastModified": 1790463110,
        "narHash": "sha256-hKlVl12B1dF0Q5vd9dY3lIJM5mFGWYSlXwSLAqHZ1+s=",
        "owner": "NixOS",
        "repo": "nixpkgs",
        "rev": "e158d9ed9b51c98974c5e66e1ba1c9e0255fecaa",
        "type": "github"
      },
      "original": {
        "owner": "NixOS",
        "ref": "nixos-unstable",
        "repo": "nixpkgs",
        "type": "github"
      }
    },
    "root": {
      "inputs": {
        "dracon-sync-src": "dracon-sync-src",
        "dracon-system-src": "dracon-system-src",
        "dracon-warden-src": "dracon-warden-src",
        "flake-utils": "flake-utils",
        "nixpkgs": "nixpkgs"
      }
    },
    "systems": {
      "locked": {
        "lastModified": 1681028828,
        "narHash": "sha256-Vy1rq5AaRuLzOxct8nz4T6wlgyUR7zLU309k9mBC768=",
        "owner": "nix-systems",
        "repo": "default",
        "rev": "da67096a3b9bf56a91d16901293e51ba5b49a27e",
        "type": "github"
      },
      "original": {
        "owner": "nix-systems",
        "repo": "default",
        "type": "github"
      }
    }
  },
  "root": "root",
  "version": 7
}
